// !$*UTF8*$!
{
	archiveVersion = 1;
	classes = {
	};
	objectVersion = 48;
	objects = {

/* Begin PBXBuildFile section */
		847634981FFCB92000DC80B2 /* AppDelegate.swift in Sources */ = {isa = PBXBuildFile; fileRef = 847634971FFCB92000DC80B2 /* AppDelegate.swift */; };
		8476349D1FFCB92000DC80B2 /* Main.storyboard in Resources */ = {isa = PBXBuildFile; fileRef = 8476349B1FFCB92000DC80B2 /* Main.storyboard */; };
		8476349F1FFCB92000DC80B2 /* Assets.xcassets in Resources */ = {isa = PBXBuildFile; fileRef = 8476349E1FFCB92000DC80B2 /* Assets.xcassets */; };
		847634A21FFCB92000DC80B2 /* LaunchScreen.storyboard in Resources */ = {isa = PBXBuildFile; fileRef = 847634A01FFCB92000DC80B2 /* LaunchScreen.storyboard */; };
		847634AA1FFCB95C00DC80B2 /* VC1.swift in Sources */ = {isa = PBXBuildFile; fileRef = 847634A91FFCB95C00DC80B2 /* VC1.swift */; };
		847634AC1FFCB96900DC80B2 /* VC2.swift in Sources */ = {isa = PBXBuildFile; fileRef = 847634AB1FFCB96900DC80B2 /* VC2.swift */; };
/* End PBXBuildFile section */

/* Begin PBXFileReference section */
		847634941FFCB92000DC80B2 /* The_Way_Use_Delegate.app */ = {isa = PBXFileReference; explicitFileType = wrapper.application; includeInIndex = 0; path = The_Way_Use_Delegate.app; sourceTree = BUILT_PRODUCTS_DIR; };
		847634971FFCB92000DC80B2 /* AppDelegate.swift */ = {isa = PBXFileReference; lastKnownFileType = sourcecode.swift; path = AppDelegate.swift; sourceTree = "<group>"; };
		8476349C1FFCB92000DC80B2 /* Base */ = {isa = PBXFileReference; lastKnownFileType = file.storyboard; name = Base; path = Base.lproj/Main.storyboard; sourceTree = "<group>"; };
		8476349E1FFCB92000DC80B2 /* Assets.xcassets */ = {isa = PBXFileReference; lastKnownFileType = folder.assetcatalog; path = Assets.xcassets; sourceTree = "<group>"; };
		847634A11FFCB92000DC80B2 /* Base */ = {isa = PBXFileReference; lastKnownFileType = file.storyboard; name = Base; path = Base.lproj/LaunchScreen.storyboard; sourceTree = "<group>"; };
		847634A31FFCB92000DC80B2 /* Info.plist */ = {isa = PBXFileReference; lastKnownFileType = text.plist.xml; path = Info.plist; sourceTree = "<group>"; };
		847634A91FFCB95C00DC80B2 /* VC1.swift */ = {isa = PBXFileReference; lastKnownFileType = sourcecode.swift; path = VC1.swift; sourceTree = "<group>"; };
		847634AB1FFCB96900DC80B2 /* VC2.swift */ = {isa = PBXFileReference; lastKnownFileType = sourcecode.swift; path = VC2.swift; sourceTree = "<group>"; };
/* End PBXFileReference section */

/* Begin PBXFrameworksBuildPhase section */
		847634911FFCB92000DC80B2 /* Frameworks */ = {
			isa = PBXFrameworksBuildPhase;
			buildActionMask = 2147483647;
			files = (
			);
			runOnlyForDeploymentPostprocessing = 0;
		};
/* End PBXFrameworksBuildPhase section */

/* Begin PBXGroup section */
		8476348B1FFCB92000DC80B2 = {
			isa = PBXGroup;
			children = (
				847634961FFCB92000DC80B2 /* The_Way_Use_Delegate */,
				847634951FFCB92000DC80B2 /* Products */,
			);
			sourceTree = "<group>";
		};
		847634951FFCB92000DC80B2 /* Products */ = {
			isa = PBXGroup;
			children = (
				847634941FFCB92000DC80B2 /* The_Way_Use_Delegate.app */,
			);
			name = Products;
			sourceTree = "<group>";
		};
		847634961FFCB92000DC80B2 /* The_Way_Use_Delegate */ = {
			isa = PBXGroup;
			children = (
				847634971FFCB92000DC80B2 /* AppDelegate.swift */,
				847634A91FFCB95C00DC80B2 /* VC1.swift */,
				847634AB1FFCB96900DC80B2 /* VC2.swift */,
				8476349B1FFCB92000DC80B2 /* Main.storyboard */,
				8476349E1FFCB92000DC80B2 /* Assets.xcassets */,
				847634A01FFCB92000DC80B2 /* LaunchScreen.storyboard */,
				847634A31FFCB92000DC80B2 /* Info.plist */,
			);
			path = The_Way_Use_Delegate;
			sourceTree = "<group>";
		};
/* End PBXGroup section */

/* Begin PBXNativeTarget section */
		847634931FFCB92000DC80B2 /* The_Way_Use_Delegate */ = {
			isa = PBXNativeTarget;
			buildConfigurationList = 847634A61FFCB92000DC80B2 /* Build configuration list for PBXNativeTarget "The_Way_Use_Delegate" */;
			buildPhases = (
				847634901FFCB92000DC80B2 /* Sources */,
				847634911FFCB92000DC80B2 /* Frameworks */,
				847634921FFCB92000DC80B2 /* Resources */,
			);
			buildRules = (
			);
			dependencies = (
			);
			name = The_Way_Use_Delegate;
			productName = The_Way_Use_Delegate;
			productReference = 847634941FFCB92000DC80B2 /* The_Way_Use_Delegate.app */;
			productType = "com.apple.product-type.application";
		};
/* End PBXNativeTarget section */

/* Begin PBXProject section */
		8476348C1FFCB92000DC80B2 /* Project object */ = {
			isa = PBXProject;
			attributes = {
				LastSwiftUpdateCheck = 0900;
				LastUpgradeCheck = 0900;
				ORGANIZATIONNAME = anhhao;
				TargetAttributes = {
					847634931FFCB92000DC80B2 = {
						CreatedOnToolsVersion = 9.0.1;
						ProvisioningStyle = Automatic;
					};
				};
			};
			buildConfigurationList = 8476348F1FFCB92000DC80B2 /* Build configuration list for PBXProject "The_Way_Use_Delegate" */;
			compatibilityVersion = "Xcode 8.0";
			developmentRegion = en;
			hasScannedForEncodings = 0;
			knownRegions = (
				en,
				Base,
			);
			mainGroup = 8476348B1FFCB92000DC80B2;
			productRefGroup = 847634951FFCB92000DC80B2 /* Products */;
			projectDirPath = "";
			projectRoot = "";
			targets = (
				847634931FFCB92000DC80B2 /* The_Way_Use_Delegate */,
			);
		};
/* End PBXProject section */

/* Begin PBXResourcesBuildPhase section */
		847634921FFCB92000DC80B2 /* Resources */ = {
			isa = PBXResourcesBuildPhase;
			buildActionMask = 2147483647;
			files = (
				847634A21FFCB92000DC80B2 /* LaunchScreen.storyboard in Resources */,
				8476349F1FFCB92000DC80B2 /* Assets.xcassets in Resources */,
				8476349D1FFCB92000DC80B2 /* Main.storyboard in Resources */,
			);
			runOnlyForDeploymentPostprocessing = 0;
		};
/* End PBXResourcesBuildPhase section */

/* Begin PBXSourcesBuildPhase section */
		847634901FFCB92000DC80B2 /* Sources */ = {
			isa = PBXSourcesBuildPhase;
			buildActionMask = 2147483647;
			files = (
				847634AC1FFCB96900DC80B2 /* VC2.swift in Sources */,
				847634AA1FFCB95C00DC80B2 /* VC1.swift in Sources */,
				847634981FFCB92000DC80B2 /* AppDelegate.swift in Sources */,
			);
			runOnlyForDeploymentPostprocessing = 0;
		};
/* End PBXSourcesBuildPhase section */

/* Begin PBXVariantGroup section */
		8476349B1FFCB92000DC80B2 /* Main.storyboard */ = {
			isa = PBXVariantGroup;
			children = (
				8476349C1FFCB92000DC80B2 /* Base */,
			);
			name = Main.storyboard;
			sourceTree = "<group>";
		};
		847634A01FFCB92000DC80B2 /* LaunchScreen.storyboard */ = {
			isa = PBXVariantGroup;
			children = (
				847634A11FFCB92000DC80B2 /* Base */,
			);
			name = LaunchScreen.storyboard;
			sourceTree = "<group>";
		};
/* End PBXVariantGroup section */

/* Begin XCBuildConfiguration section */
		847634A41FFCB92000DC80B2 /* Debug */ = {
			isa = XCBuildConfiguration;
			buildSettings = {
				ALWAYS_SEARCH_USER_PATHS = NO;
				CLANG_ANALYZER_NONNULL = YES;
				CLANG_ANALYZER_NUMBER_OBJECT_CONVERSION = YES_AGGRESSIVE;
				CLANG_CXX_LANGUAGE_STANDARD = "gnu++14";
				CLANG_CXX_LIBRARY = "libc++";
				CLANG_ENABLE_MODULES = YES;
				CLANG_ENABLE_OBJC_ARC = YES;
				CLANG_WARN_BLOCK_CAPTURE_AUTORELEASING = YES;
				CLANG_WARN_BOOL_CONVERSION = YES;
				CLANG_WARN_COMMA = YES;
				CLANG_WARN_CONSTANT_CONVERSION = YES;
				CLANG_WARN_DIRECT_OBJC_ISA_USAGE = YES_ERROR;
				CLANG_WARN_DOCUMENTATION_COMMENTS = YES;
				CLANG_WARN_EMPTY_BODY = YES;
				CLANG_WARN_ENUM_CONVERSION = YES;
				CLANG_WARN_INFINITE_RECURSION = YES;
				CLANG_WARN_INT_CONVERSION = YES;
				CLANG_WARN_NON_LITERAL_NULL_CONVERSION = YES;
				CLANG_WARN_OBJC_LITERAL_CONVERSION = YES;
				CLANG_WARN_OBJC_ROOT_CLASS = YES_ERROR;
				CLANG_WARN_RANGE_LOOP_ANALYSIS = YES;
				CLANG_WARN_STRICT_PROTOTYPES = YES;
				CLANG_WARN_SUSPICIOUS_MOVE = YES;
				CLANG_WARN_UNGUARDED_AVAILABILITY = YES_AGGRESSIVE;
				CLANG_WARN_UNREACHABLE_CODE = YES;
				CLANG_WARN__DUPLICATE_METHOD_MATCH = YES;
				CODE_SIGN_IDENTITY = "iPhone Developer";
				COPY_PHASE_STRIP = NO;
				DEBUG_INFORMATION_FORMAT = dwarf;
				ENABLE_STRICT_OBJC_MSGSEND = YES;
				ENABLE_TESTABILITY = YES;
				GCC_C_LANGUAGE_STANDARD = gnu11;
				GCC_DYNAMIC_NO_PIC = NO;
				GCC_NO_COMMON_BLOCKS = YES;
				GCC_OPTIMIZATION_LEVEL = 0;
				GCC_PREPROCESSOR_DEFINITIONS = (
					"DEBUG=1",
					"$(inherited)",
				);
				GCC_WARN_64_TO_32_BIT_CONVERSION = YES;
				GCC_WARN_ABOUT_RETURN_TYPE = YES_ERROR;
				GCC_WARN_UNDECLARED_SELECTOR = YES;
				GCC_WARN_UNINITIALIZED_AUTOS = YES_AGGRESSIVE;
				GCC_WARN_UNUSED_FUNCTION = YES;
				GCC_WARN_UNUSED_VARIABLE = YES;
				IPHONEOS_DEPLOYMENT_TARGET = 11.0;
				MTL_ENABLE_DEBUG_INFO = YES;
				ONLY_ACTIVE_ARCH = YES;
				SDKROOT = iphoneos;
				SWIFT_ACTIVE_COMPILATION_CONDITIONS = DEBUG;
				SWIFT_OPTIMIZATION_LEVEL = "-Onone";
			};
			name = Debug;
		};
		847634A51FFCB92000DC80B2 /* Release */ = {
			isa = XCBuildConfiguration;
			buildSettings = {
				ALWAYS_SEARCH_USER_PATHS = NO;
				CLANG_ANALYZER_NONNULL = YES;
				CLANG_ANALYZER_NUMBER_OBJECT_CONVERSION = YES_AGGRESSIVE;
				CLANG_CXX_LANGUAGE_STANDARD = "gnu++14";
				CLANG_CXX_LIBRARY = "libc++";
				CLANG_ENABLE_MODULES = YES;
				CLANG_ENABLE_OBJC_ARC = YES;
				CLANG_WARN_BLOCK_CAPTURE_AUTORELEASING = YES;
				CLANG_WARN_BOOL_CONVERSION = YES;
				CLANG_WARN_COMMA = YES;
				CLANG_WARN_CONSTANT_CONVERSION = YES;
				CLANG_WARN_DIRECT_OBJC_ISA_USAGE = YES_ERROR;
				CLANG_WARN_DOCUMENTATION_COMMENTS = YES;
				CLANG_WARN_EMPTY_BODY = YES;
				CLANG_WARN_ENUM_CONVERSION = YES;
				CLANG_WARN_INFINITE_RECURSION = YES;
				CLANG_WARN_INT_CONVERSION = YES;
				CLANG_WARN_NON_LITERAL_NULL_CONVERSION = YES;
				CLANG_WARN_OBJC_LITERAL_CONVERSION = YES;
				CLANG_WARN_OBJC_ROOT_CLASS = YES_ERROR;
				CLANG_WARN_RANGE_LOOP_ANALYSIS = YES;
				CLANG_WARN_STRICT_PROTOTYPES = YES;
				CLANG_WARN_SUSPICIOUS_MOVE = YES;
				CLANG_WARN_UNGUARDED_AVAILABILITY = YES_AGGRESSIVE;
				CLANG_WARN_UNREACHABLE_CODE = YES;
				CLANG_WARN__DUPLICATE_METHOD_MATCH = YES;
				CODE_SIGN_IDENTITY = "iPhone Developer";
				COPY_PHASE_STRIP = NO;
				DEBUG_INFORMATION_FORMAT = "dwarf-with-dsym";
				ENABLE_NS_ASSERTIONS = NO;
				ENABLE_STRICT_OBJC_MSGSEND = YES;
				GCC_C_LANGUAGE_STANDARD = gnu11;
				GCC_NO_COMMON_BLOCKS = YES;
				GCC_WARN_64_TO_32_BIT_CONVERSION = YES;
				GCC_WARN_ABOUT_RETURN_TYPE = YES_ERROR;
				GCC_WARN_UNDECLARED_SELECTOR = YES;
				GCC_WARN_UNINITIALIZED_AUTOS = YES_AGGRESSIVE;
				GCC_WARN_UNUSED_FUNCTION = YES;
				GCC_WARN_UNUSED_VARIABLE = YES;
				IPHONEOS_DEPLOYMENT_TARGET = 11.0;
				MTL_ENABLE_DEBUG_INFO = NO;
				SDKROOT = iphoneos;
				SWIFT_OPTIMIZATION_LEVEL = "-Owholemodule";
				VALIDATE_PRODUCT = YES;
			};
			name = Release;
		};
		847634A71FFCB92000DC80B2 /* Debug */ = {
			isa = XCBuildConfiguration;
			buildSettings = {
				ASSETCATALOG_COMPILER_APPICON_NAME = AppIcon;
				CODE_SIGN_STYLE = Automatic;
				INFOPLIST_FILE = The_Way_Use_Delegate/Info.plist;
				LD_RUNPATH_SEARCH_PATHS = "$(inherited) @executable_path/Frameworks";
				PRODUCT_BUNDLE_IDENTIFIER = "The-Way-Use-Delegate";
				PRODUCT_NAME = "$(TARGET_NAME)";
				SWIFT_VERSION = 4.0;
				TARGETED_DEVICE_FAMILY = "1,2";
			};
			name = Debug;
		};
		847634A81FFCB92000DC80B2 /* Release */ = {
			isa = XCBuildConfiguration;
			buildSettings = {
				ASSETCATALOG_COMPILER_APPICON_NAME = AppIcon;
				CODE_SIGN_STYLE = Automatic;
				INFOPLIST_FILE = The_Way_Use_Delegate/Info.plist;
				LD_RUNPATH_SEARCH_PATHS = "$(inherited) @executable_path/Frameworks";
				PRODUCT_BUNDLE_IDENTIFIER = "The-Way-Use-Delegate";
				PRODUCT_NAME = "$(TARGET_NAME)";
				SWIFT_VERSION = 4.0;
				TARGETED_DEVICE_FAMILY = "1,2";
			};
			name = Release;
		};
/* End XCBuildConfiguration section */

/* Begin XCConfigurationList section */
		8476348F1FFCB92000DC80B2 /* Build configuration list for PBXProject "The_Way_Use_Delegate" */ = {
			isa = XCConfigurationList;
			buildConfigurations = (
				847634A41FFCB92000DC80B2 /* Debug */,
				847634A51FFCB92000DC80B2 /* Release */,
			);
			defaultConfigurationIsVisible = 0;
			defaultConfigurationName = Release;
		};
		847634A61FFCB92000DC80B2 /* Build configuration list for PBXNativeTarget "The_Way_Use_Delegate" */ = {
			isa = XCConfigurationList;
			buildConfigurations = (
				847634A71FFCB92000DC80B2 /* Debug */,
				847634A81FFCB92000DC80B2 /* Release */,
			);
			defaultConfigurationIsVisible = 0;
			defaultConfigurationName = Release;
		};
/* End XCConfigurationList section */
	};
	rootObject = 8476348C1FFCB92000DC80B2 /* Project object */;
}
